
Microsoft Visual Studio Solution File, Format Version 12.00
# Visual Studio Version 17
VisualStudioVersion = 17.4.33103.184
MinimumVisualStudioVersion = 10.0.40219.1
Project("{9A19103F-16F7-4668-BE54-9A1E7A4F7556}") = "Extension Packager", "Extension Packager\Extension Packager.csproj", "{DD33E288-3B53-42C6-9D8D-082FD4246119}"
EndProject
Project("{9A19103F-16F7-4668-BE54-9A1E7A4F7556}") = "Extension Packager Library", "Extension Packager Library\Extension Packager Library.csproj", "{A1E2FDA7-E7C3-4EFB-8526-83FC1E37C175}"
EndProject
Project("{FAE04EC0-301F-11D3-BF4B-00C04F79EFBC}") = "Extension Test", "Extension Test\Extension Test.csproj", "{C71043B1-37E0-44D6-A532-D9BC0CD50BCF}"
EndProject
Global
	GlobalSection(SolutionConfigurationPlatforms) = preSolution
		Debug|Any CPU = Debug|Any CPU
		Debug|arm64 = Debug|arm64
		Debug|x64 = Debug|x64
		Debug|x86 = Debug|x86
		Release|Any CPU = Release|Any CPU
		Release|arm64 = Release|arm64
		Release|x64 = Release|x64
		Release|x86 = Release|x86
	EndGlobalSection
	GlobalSection(ProjectConfigurationPlatforms) = postSolution
		{DD33E288-3B53-42C6-9D8D-082FD4246119}.Debug|Any CPU.ActiveCfg = Debug|x64
		{DD33E288-3B53-42C6-9D8D-082FD4246119}.Debug|Any CPU.Build.0 = Debug|x64
		{DD33E288-3B53-42C6-9D8D-082FD4246119}.Debug|Any CPU.Deploy.0 = Debug|x64
		{DD33E288-3B53-42C6-9D8D-082FD4246119}.Debug|arm64.ActiveCfg = Debug|arm64
		{DD33E288-3B53-42C6-9D8D-082FD4246119}.Debug|arm64.Build.0 = Debug|arm64
		{DD33E288-3B53-42C6-9D8D-082FD4246119}.Debug|arm64.Deploy.0 = Debug|arm64
		{DD33E288-3B53-42C6-9D8D-082FD4246119}.Debug|x64.ActiveCfg = Debug|x64
		{DD33E288-3B53-42C6-9D8D-082FD4246119}.Debug|x64.Build.0 = Debug|x64
		{DD33E288-3B53-42C6-9D8D-082FD4246119}.Debug|x64.Deploy.0 = Debug|x64
		{DD33E288-3B53-42C6-9D8D-082FD4246119}.Debug|x86.ActiveCfg = Debug|x86
		{DD33E288-3B53-42C6-9D8D-082FD4246119}.Debug|x86.Build.0 = Debug|x86
		{DD33E288-3B53-42C6-9D8D-082FD4246119}.Debug|x86.Deploy.0 = Debug|x86
		{DD33E288-3B53-42C6-9D8D-082FD4246119}.Release|Any CPU.ActiveCfg = Release|x64
		{DD33E288-3B53-42C6-9D8D-082FD4246119}.Release|Any CPU.Build.0 = Release|x64
		{DD33E288-3B53-42C6-9D8D-082FD4246119}.Release|Any CPU.Deploy.0 = Release|x64
		{DD33E288-3B53-42C6-9D8D-082FD4246119}.Release|arm64.ActiveCfg = Release|arm64
		{DD33E288-3B53-42C6-9D8D-082FD4246119}.Release|arm64.Build.0 = Release|arm64
		{DD33E288-3B53-42C6-9D8D-082FD4246119}.Release|arm64.Deploy.0 = Release|arm64
		{DD33E288-3B53-42C6-9D8D-082FD4246119}.Release|x64.ActiveCfg = Release|x64
		{DD33E288-3B53-42C6-9D8D-082FD4246119}.Release|x64.Build.0 = Release|x64
		{DD33E288-3B53-42C6-9D8D-082FD4246119}.Release|x64.Deploy.0 = Release|x64
		{DD33E288-3B53-42C6-9D8D-082FD4246119}.Release|x86.ActiveCfg = Release|x86
		{DD33E288-3B53-42C6-9D8D-082FD4246119}.Release|x86.Build.0 = Release|x86
		{DD33E288-3B53-42C6-9D8D-082FD4246119}.Release|x86.Deploy.0 = Release|x86
		{A1E2FDA7-E7C3-4EFB-8526-83FC1E37C175}.Debug|Any CPU.ActiveCfg = Debug|Any CPU
		{A1E2FDA7-E7C3-4EFB-8526-83FC1E37C175}.Debug|Any CPU.Build.0 = Debug|Any CPU
		{A1E2FDA7-E7C3-4EFB-8526-83FC1E37C175}.Debug|arm64.ActiveCfg = Debug|Any CPU
		{A1E2FDA7-E7C3-4EFB-8526-83FC1E37C175}.Debug|arm64.Build.0 = Debug|Any CPU
		{A1E2FDA7-E7C3-4EFB-8526-83FC1E37C175}.Debug|x64.ActiveCfg = Debug|Any CPU
		{A1E2FDA7-E7C3-4EFB-8526-83FC1E37C175}.Debug|x64.Build.0 = Debug|Any CPU
		{A1E2FDA7-E7C3-4EFB-8526-83FC1E37C175}.Debug|x86.ActiveCfg = Debug|Any CPU
		{A1E2FDA7-E7C3-4EFB-8526-83FC1E37C175}.Debug|x86.Build.0 = Debug|Any CPU
		{A1E2FDA7-E7C3-4EFB-8526-83FC1E37C175}.Release|Any CPU.ActiveCfg = Release|Any CPU
		{A1E2FDA7-E7C3-4EFB-8526-83FC1E37C175}.Release|Any CPU.Build.0 = Release|Any CPU
		{A1E2FDA7-E7C3-4EFB-8526-83FC1E37C175}.Release|arm64.ActiveCfg = Release|Any CPU
		{A1E2FDA7-E7C3-4EFB-8526-83FC1E37C175}.Release|arm64.Build.0 = Release|Any CPU
		{A1E2FDA7-E7C3-4EFB-8526-83FC1E37C175}.Release|x64.ActiveCfg = Release|Any CPU
		{A1E2FDA7-E7C3-4EFB-8526-83FC1E37C175}.Release|x64.Build.0 = Release|Any CPU
		{A1E2FDA7-E7C3-4EFB-8526-83FC1E37C175}.Release|x86.ActiveCfg = Release|Any CPU
		{A1E2FDA7-E7C3-4EFB-8526-83FC1E37C175}.Release|x86.Build.0 = Release|Any CPU
		{C71043B1-37E0-44D6-A532-D9BC0CD50BCF}.Debug|Any CPU.ActiveCfg = Debug|Any CPU
		{C71043B1-37E0-44D6-A532-D9BC0CD50BCF}.Debug|Any CPU.Build.0 = Debug|Any CPU
		{C71043B1-37E0-44D6-A532-D9BC0CD50BCF}.Debug|arm64.ActiveCfg = Debug|Any CPU
		{C71043B1-37E0-44D6-A532-D9BC0CD50BCF}.Debug|arm64.Build.0 = Debug|Any CPU
		{C71043B1-37E0-44D6-A532-D9BC0CD50BCF}.Debug|x64.ActiveCfg = Debug|Any CPU
		{C71043B1-37E0-44D6-A532-D9BC0CD50BCF}.Debug|x64.Build.0 = Debug|Any CPU
		{C71043B1-37E0-44D6-A532-D9BC0CD50BCF}.Debug|x86.ActiveCfg = Debug|Any CPU
		{C71043B1-37E0-44D6-A532-D9BC0CD50BCF}.Debug|x86.Build.0 = Debug|Any CPU
		{C71043B1-37E0-44D6-A532-D9BC0CD50BCF}.Release|Any CPU.ActiveCfg = Release|Any CPU
		{C71043B1-37E0-44D6-A532-D9BC0CD50BCF}.Release|Any CPU.Build.0 = Release|Any CPU
		{C71043B1-37E0-44D6-A532-D9BC0CD50BCF}.Release|arm64.ActiveCfg = Release|Any CPU
		{C71043B1-37E0-44D6-A532-D9BC0CD50BCF}.Release|arm64.Build.0 = Release|Any CPU
		{C71043B1-37E0-44D6-A532-D9BC0CD50BCF}.Release|x64.ActiveCfg = Release|Any CPU
		{C71043B1-37E0-44D6-A532-D9BC0CD50BCF}.Release|x64.Build.0 = Release|Any CPU
		{C71043B1-37E0-44D6-A532-D9BC0CD50BCF}.Release|x86.ActiveCfg = Release|Any CPU
		{C71043B1-37E0-44D6-A532-D9BC0CD50BCF}.Release|x86.Build.0 = Release|Any CPU
	EndGlobalSection
	GlobalSection(SolutionProperties) = preSolution
		HideSolutionNode = FALSE
	EndGlobalSection
	GlobalSection(ExtensibilityGlobals) = postSolution
		SolutionGuid = {60949818-4D1B-46E6-9651-640D2C2C4AA9}
	EndGlobalSection
EndGlobal
